
Microsoft Visual Studio Solution File, Format Version 12.00
# Visual Studio Version 17
VisualStudioVersion = 17.14.36414.22 d17.14
MinimumVisualStudioVersion = 10.0.40219.1
Project("{FAE04EC0-301F-11D3-BF4B-00C04F79EFBC}") = "BE_SWP391", "BE_SWP391\BE_SWP391.csproj", "{C79CBA5F-CF79-4B42-B842-2C5B7A19EF8C}"
EndProject
Global
	GlobalSection(SolutionConfigurationPlatforms) = preSolution
		Debug|Any CPU = Debug|Any CPU
		Release|Any CPU = Release|Any CPU
	EndGlobalSection
	GlobalSection(ProjectConfigurationPlatforms) = postSolution
		{C79CBA5F-CF79-4B42-B842-2C5B7A19EF8C}.Debug|Any CPU.ActiveCfg = Debug|Any CPU
		{C79CBA5F-CF79-4B42-B842-2C5B7A19EF8C}.Debug|Any CPU.Build.0 = Debug|Any CPU
		{C79CBA5F-CF79-4B42-B842-2C5B7A19EF8C}.Release|Any CPU.ActiveCfg = Release|Any CPU
		{C79CBA5F-CF79-4B42-B842-2C5B7A19EF8C}.Release|Any CPU.Build.0 = Release|Any CPU
	EndGlobalSection
	GlobalSection(SolutionProperties) = preSolution
		HideSolutionNode = FALSE
	EndGlobalSection
	GlobalSection(ExtensibilityGlobals) = postSolution
		SolutionGuid = {A6A06959-A8AF-4765-802B-64F0ACE095F8}
	EndGlobalSection
EndGlobal
